{
  "name": "@kylefinley.net/github-commands",
  "version": "0.0.1",
  "lockfileVersion": 2,
  "requires": true,
  "packages": {
    "": {
      "name": "@kylefinley.net/github-commands",
      "version": "0.0.1",
      "dependencies": {
        "@types/node": "^14.14.31",
        "inversify-props": "^2.2.6",
        "tslib": "^2.4.0"
      }
    },
    "node_modules/@types/node": {
      "version": "14.18.33",
      "resolved": "https://registry.npmjs.org/@types/node/-/node-14.18.33.tgz",
      "integrity": "sha512-qelS/Ra6sacc4loe/3MSjXNL1dNQ/GjxNHVzuChwMfmk7HuycRLVQN2qNY3XahK+fZc5E2szqQSKUyAF0E+2bg=="
    },
    "node_modules/inversify": {
      "version": "5.1.1",
      "resolved": "https://registry.npmjs.org/inversify/-/inversify-5.1.1.tgz",
      "integrity": "sha512-j8grHGDzv1v+8T1sAQ+3boTCntFPfvxLCkNcxB1J8qA0lUN+fAlSyYd+RXKvaPRL4AGyPxViutBEJHNXOyUdFQ=="
    },
    "node_modules/inversify-props": {
      "version": "2.2.6",
      "resolved": "https://registry.npmjs.org/inversify-props/-/inversify-props-2.2.6.tgz",
      "integrity": "sha512-ImLafUgM1Me4Xa7hcdo9DRt0Ca139JUa9byX9vzb4ihXkJtzWoxSqSw6hpBL45w4wqtFD3IPC/ldC1HqdaLQUA==",
      "dependencies": {
        "inversify": "^5.0.1"
      }
    },
    "node_modules/tslib": {
      "version": "2.4.1",
      "resolved": "https://registry.npmjs.org/tslib/-/tslib-2.4.1.tgz",
      "integrity": "sha512-tGyy4dAjRIEwI7BzsB0lynWgOpfqjUdq91XXAlIWD2OwKBH7oCl/GZG/HT4BOHrTlPMOASlMQ7veyTqpmRcrNA=="
    }
  },
  "dependencies": {
    "@types/node": {
      "version": "14.18.33",
      "resolved": "https://registry.npmjs.org/@types/node/-/node-14.18.33.tgz",
      "integrity": "sha512-qelS/Ra6sacc4loe/3MSjXNL1dNQ/GjxNHVzuChwMfmk7HuycRLVQN2qNY3XahK+fZc5E2szqQSKUyAF0E+2bg=="
    },
    "inversify": {
      "version": "5.1.1",
      "resolved": "https://registry.npmjs.org/inversify/-/inversify-5.1.1.tgz",
      "integrity": "sha512-j8grHGDzv1v+8T1sAQ+3boTCntFPfvxLCkNcxB1J8qA0lUN+fAlSyYd+RXKvaPRL4AGyPxViutBEJHNXOyUdFQ=="
    },
    "inversify-props": {
      "version": "2.2.6",
      "resolved": "https://registry.npmjs.org/inversify-props/-/inversify-props-2.2.6.tgz",
      "integrity": "sha512-ImLafUgM1Me4Xa7hcdo9DRt0Ca139JUa9byX9vzb4ihXkJtzWoxSqSw6hpBL45w4wqtFD3IPC/ldC1HqdaLQUA==",
      "requires": {
        "inversify": "^5.0.1"
      }
    },
    "tslib": {
      "version": "2.4.1",
      "resolved": "https://registry.npmjs.org/tslib/-/tslib-2.4.1.tgz",
      "integrity": "sha512-tGyy4dAjRIEwI7BzsB0lynWgOpfqjUdq91XXAlIWD2OwKBH7oCl/GZG/HT4BOHrTlPMOASlMQ7veyTqpmRcrNA=="
    }
  }
}
