{
  "name": "@kylefinley.net/github-commands",
  "version": "0.0.1",
  "lockfileVersion": 2,
  "requires": true,
  "packages": {
    "": {
      "name": "@kylefinley.net/github-commands",
      "version": "0.0.1",
      "dependencies": {
        "@types/node": "^14.14.31",
        "inversify-props": "^2.2.6",
        "tslib": "^2.4.0"
      }
    },
    "node_modules/@types/node": {
      "version": "14.18.63",
      "resolved": "https://registry.npmjs.org/@types/node/-/node-14.18.63.tgz",
      "integrity": "sha512-fAtCfv4jJg+ExtXhvCkCqUKZ+4ok/JQk01qDKhL5BDDoS3AxKXhV5/MAVUZyQnSEd2GT92fkgZl0pz0Q0AzcIQ=="
    },
    "node_modules/inversify": {
      "version": "5.1.1",
      "resolved": "https://registry.npmjs.org/inversify/-/inversify-5.1.1.tgz",
      "integrity": "sha512-j8grHGDzv1v+8T1sAQ+3boTCntFPfvxLCkNcxB1J8qA0lUN+fAlSyYd+RXKvaPRL4AGyPxViutBEJHNXOyUdFQ=="
    },
    "node_modules/inversify-props": {
      "version": "2.2.6",
      "resolved": "https://registry.npmjs.org/inversify-props/-/inversify-props-2.2.6.tgz",
      "integrity": "sha512-ImLafUgM1Me4Xa7hcdo9DRt0Ca139JUa9byX9vzb4ihXkJtzWoxSqSw6hpBL45w4wqtFD3IPC/ldC1HqdaLQUA==",
      "dependencies": {
        "inversify": "^5.0.1"
      }
    },
    "node_modules/tslib": {
      "version": "2.6.2",
      "resolved": "https://registry.npmjs.org/tslib/-/tslib-2.6.2.tgz",
      "integrity": "sha512-AEYxH93jGFPn/a2iVAwW87VuUIkR1FVUKB77NwMF7nBTDkDrrT/Hpt/IrCJ0QXhW27jTBDcf5ZY7w6RiqTMw2Q=="
    }
  },
  "dependencies": {
    "@types/node": {
      "version": "14.18.63",
      "resolved": "https://registry.npmjs.org/@types/node/-/node-14.18.63.tgz",
      "integrity": "sha512-fAtCfv4jJg+ExtXhvCkCqUKZ+4ok/JQk01qDKhL5BDDoS3AxKXhV5/MAVUZyQnSEd2GT92fkgZl0pz0Q0AzcIQ=="
    },
    "inversify": {
      "version": "5.1.1",
      "resolved": "https://registry.npmjs.org/inversify/-/inversify-5.1.1.tgz",
      "integrity": "sha512-j8grHGDzv1v+8T1sAQ+3boTCntFPfvxLCkNcxB1J8qA0lUN+fAlSyYd+RXKvaPRL4AGyPxViutBEJHNXOyUdFQ=="
    },
    "inversify-props": {
      "version": "2.2.6",
      "resolved": "https://registry.npmjs.org/inversify-props/-/inversify-props-2.2.6.tgz",
      "integrity": "sha512-ImLafUgM1Me4Xa7hcdo9DRt0Ca139JUa9byX9vzb4ihXkJtzWoxSqSw6hpBL45w4wqtFD3IPC/ldC1HqdaLQUA==",
      "requires": {
        "inversify": "^5.0.1"
      }
    },
    "tslib": {
      "version": "2.6.2",
      "resolved": "https://registry.npmjs.org/tslib/-/tslib-2.6.2.tgz",
      "integrity": "sha512-AEYxH93jGFPn/a2iVAwW87VuUIkR1FVUKB77NwMF7nBTDkDrrT/Hpt/IrCJ0QXhW27jTBDcf5ZY7w6RiqTMw2Q=="
    }
  }
}
