{
  "name": "@kylefinley.net/github-commands",
  "version": "0.0.1",
  "lockfileVersion": 2,
  "requires": true,
  "packages": {
    "": {
      "name": "@kylefinley.net/github-commands",
      "version": "0.0.1",
      "devDependencies": {
        "inversify-props": "^2.2.6"
      }
    },
    "../api-client": {
      "version": "0.0.1",
      "integrity": "sha512-Nc41gb1sNrbHTPmUApEPk/KYE86EIVZPmJ4APUEE4yASDQ3HJt3yACpXkRBwemYbHg+snCufGBfftASFh7f/KQ==",
      "extraneous": true,
      "dependencies": {
        "config": "git+https://github.com/lorenwest/node-config.git",
        "request": "2.14.x",
        "underscore": "1.4.x"
      },
      "devDependencies": {
        "chai": "1.5.x",
        "coffee-script": "1.5.x",
        "fs-extra": "0.1.x",
        "growl": "1.5.x",
        "mocha": "1.3.x",
        "path-extra": "0.0.x",
        "testutil": "0.2.x"
      },
      "engines": {
        "node": "*"
      }
    },
    "../commands": {
      "version": "0.0.1",
      "integrity": "sha512-16eupr4ug+H9yyhnXrLLi9ISNGwUPV763gYqqoVQHCNG75aYFdp+ewukivfOC8PRRiMsOev/5BpKk+FzKPYrdQ==",
      "extraneous": true,
      "engines": {
        "node": ">= 0.4.1"
      }
    },
    "node_modules/inversify": {
      "version": "5.1.1",
      "resolved": "https://registry.npmjs.org/inversify/-/inversify-5.1.1.tgz",
      "integrity": "sha512-j8grHGDzv1v+8T1sAQ+3boTCntFPfvxLCkNcxB1J8qA0lUN+fAlSyYd+RXKvaPRL4AGyPxViutBEJHNXOyUdFQ==",
      "dev": true
    },
    "node_modules/inversify-props": {
      "version": "2.2.6",
      "resolved": "https://registry.npmjs.org/inversify-props/-/inversify-props-2.2.6.tgz",
      "integrity": "sha512-ImLafUgM1Me4Xa7hcdo9DRt0Ca139JUa9byX9vzb4ihXkJtzWoxSqSw6hpBL45w4wqtFD3IPC/ldC1HqdaLQUA==",
      "dev": true,
      "dependencies": {
        "inversify": "^5.0.1"
      }
    }
  },
  "dependencies": {
    "inversify": {
      "version": "5.1.1",
      "resolved": "https://registry.npmjs.org/inversify/-/inversify-5.1.1.tgz",
      "integrity": "sha512-j8grHGDzv1v+8T1sAQ+3boTCntFPfvxLCkNcxB1J8qA0lUN+fAlSyYd+RXKvaPRL4AGyPxViutBEJHNXOyUdFQ==",
      "dev": true
    },
    "inversify-props": {
      "version": "2.2.6",
      "resolved": "https://registry.npmjs.org/inversify-props/-/inversify-props-2.2.6.tgz",
      "integrity": "sha512-ImLafUgM1Me4Xa7hcdo9DRt0Ca139JUa9byX9vzb4ihXkJtzWoxSqSw6hpBL45w4wqtFD3IPC/ldC1HqdaLQUA==",
      "dev": true,
      "requires": {
        "inversify": "^5.0.1"
      }
    }
  }
}
