{
  "name": "@kylefinley.net/api-client",
  "version": "0.0.1",
  "lockfileVersion": 2,
  "requires": true,
  "packages": {
    "": {
      "name": "@kylefinley.net/api-client",
      "version": "0.0.1",
      "devDependencies": {
        "@types/node": "^14.14.31",
        "axios": "^0.21.4",
        "inversify-props": "^2.2.6"
      }
    },
    "node_modules/@types/node": {
      "version": "14.18.33",
      "resolved": "https://registry.npmjs.org/@types/node/-/node-14.18.33.tgz",
      "integrity": "sha512-qelS/Ra6sacc4loe/3MSjXNL1dNQ/GjxNHVzuChwMfmk7HuycRLVQN2qNY3XahK+fZc5E2szqQSKUyAF0E+2bg==",
      "dev": true
    },
    "node_modules/axios": {
      "version": "0.21.4",
      "resolved": "https://registry.npmjs.org/axios/-/axios-0.21.4.tgz",
      "integrity": "sha512-ut5vewkiu8jjGBdqpM44XxjuCjq9LAKeHVmoVfHVzy8eHgxxq8SbAVQNovDA8mVi05kP0Ea/n/UzcSHcTJQfNg==",
      "dev": true,
      "dependencies": {
        "follow-redirects": "^1.14.0"
      }
    },
    "node_modules/follow-redirects": {
      "version": "1.15.2",
      "resolved": "https://registry.npmjs.org/follow-redirects/-/follow-redirects-1.15.2.tgz",
      "integrity": "sha512-VQLG33o04KaQ8uYi2tVNbdrWp1QWxNNea+nmIB4EVM28v0hmP17z7aG1+wAkNzVq4KeXTq3221ye5qTJP91JwA==",
      "dev": true,
      "funding": [
        {
          "type": "individual",
          "url": "https://github.com/sponsors/RubenVerborgh"
        }
      ],
      "engines": {
        "node": ">=4.0"
      },
      "peerDependenciesMeta": {
        "debug": {
          "optional": true
        }
      }
    },
    "node_modules/inversify": {
      "version": "5.1.1",
      "resolved": "https://registry.npmjs.org/inversify/-/inversify-5.1.1.tgz",
      "integrity": "sha512-j8grHGDzv1v+8T1sAQ+3boTCntFPfvxLCkNcxB1J8qA0lUN+fAlSyYd+RXKvaPRL4AGyPxViutBEJHNXOyUdFQ==",
      "dev": true
    },
    "node_modules/inversify-props": {
      "version": "2.2.6",
      "resolved": "https://registry.npmjs.org/inversify-props/-/inversify-props-2.2.6.tgz",
      "integrity": "sha512-ImLafUgM1Me4Xa7hcdo9DRt0Ca139JUa9byX9vzb4ihXkJtzWoxSqSw6hpBL45w4wqtFD3IPC/ldC1HqdaLQUA==",
      "dev": true,
      "dependencies": {
        "inversify": "^5.0.1"
      }
    }
  },
  "dependencies": {
    "@types/node": {
      "version": "14.18.33",
      "resolved": "https://registry.npmjs.org/@types/node/-/node-14.18.33.tgz",
      "integrity": "sha512-qelS/Ra6sacc4loe/3MSjXNL1dNQ/GjxNHVzuChwMfmk7HuycRLVQN2qNY3XahK+fZc5E2szqQSKUyAF0E+2bg==",
      "dev": true
    },
    "axios": {
      "version": "0.21.4",
      "resolved": "https://registry.npmjs.org/axios/-/axios-0.21.4.tgz",
      "integrity": "sha512-ut5vewkiu8jjGBdqpM44XxjuCjq9LAKeHVmoVfHVzy8eHgxxq8SbAVQNovDA8mVi05kP0Ea/n/UzcSHcTJQfNg==",
      "dev": true,
      "requires": {
        "follow-redirects": "^1.14.0"
      }
    },
    "follow-redirects": {
      "version": "1.15.2",
      "resolved": "https://registry.npmjs.org/follow-redirects/-/follow-redirects-1.15.2.tgz",
      "integrity": "sha512-VQLG33o04KaQ8uYi2tVNbdrWp1QWxNNea+nmIB4EVM28v0hmP17z7aG1+wAkNzVq4KeXTq3221ye5qTJP91JwA==",
      "dev": true
    },
    "inversify": {
      "version": "5.1.1",
      "resolved": "https://registry.npmjs.org/inversify/-/inversify-5.1.1.tgz",
      "integrity": "sha512-j8grHGDzv1v+8T1sAQ+3boTCntFPfvxLCkNcxB1J8qA0lUN+fAlSyYd+RXKvaPRL4AGyPxViutBEJHNXOyUdFQ==",
      "dev": true
    },
    "inversify-props": {
      "version": "2.2.6",
      "resolved": "https://registry.npmjs.org/inversify-props/-/inversify-props-2.2.6.tgz",
      "integrity": "sha512-ImLafUgM1Me4Xa7hcdo9DRt0Ca139JUa9byX9vzb4ihXkJtzWoxSqSw6hpBL45w4wqtFD3IPC/ldC1HqdaLQUA==",
      "dev": true,
      "requires": {
        "inversify": "^5.0.1"
      }
    }
  }
}
